<?xml version="1.0" encoding="utf-8"?>
<Project ToolsVersion="4.0" xmlns="http://schemas.microsoft.com/developer/msbuild/2003">
  <ItemGroup>
    <Filter Include="ソース ファイル">
      <UniqueIdentifier>{4FC737F1-C7A5-4376-A066-2A32D752A2FF}</UniqueIdentifier>
      <Extensions>cpp;c;cc;cxx;def;odl;idl;hpj;bat;asm;asmx</Extensions>
    </Filter>
    <Filter Include="ヘッダー ファイル">
      <UniqueIdentifier>{93995380-89BD-4b04-88EB-625FBE52EBFB}</UniqueIdentifier>
      <Extensions>h;hh;hpp;hxx;hm;inl;inc;ipp;xsd</Extensions>
    </Filter>
    <Filter Include="リソース ファイル">
      <UniqueIdentifier>{67DA6AB6-F800-4c08-8B7A-83BB121AAD01}</UniqueIdentifier>
      <Extensions>rc;ico;cur;bmp;dlg;rc2;rct;bin;rgs;gif;jpg;jpeg;jpe;resx;tiff;tif;png;wav;mfcribbon-ms</Extensions>
    </Filter>
  </ItemGroup>
  <ItemGroup>
    <ClInclude Include="Src\Scene.h">
      <Filter>ヘッダー ファイル</Filter>
    </ClInclude>
    <ClInclude Include="Src\MainGameScene.h">
      <Filter>ヘッダー ファイル</Filter>
    </ClInclude>
    <ClInclude Include="Src\TitleScene.h">
      <Filter>ヘッダー ファイル</Filter>
    </ClInclude>
    <ClInclude Include="Src\StatusScene.h">
      <Filter>ヘッダー ファイル</Filter>
    </ClInclude>
    <ClInclude Include="Src\GameOverScene.h">
      <Filter>ヘッダー ファイル</Filter>
    </ClInclude>
    <ClInclude Include="stdafx.h">
      <Filter>ヘッダー ファイル</Filter>
    </ClInclude>
    <ClInclude Include="targetver.h">
      <Filter>ヘッダー ファイル</Filter>
    </ClInclude>
    <ClInclude Include="Src\GLFWEW.h">
      <Filter>ヘッダー ファイル</Filter>
    </ClInclude>
    <ClInclude Include="Src\GamePad.h">
      <Filter>ヘッダー ファイル</Filter>
    </ClInclude>
    <ClInclude Include="Src\BufferObject.h">
      <Filter>ヘッダー ファイル</Filter>
    </ClInclude>
    <ClInclude Include="Src\Texture.h">
      <Filter>ヘッダー ファイル</Filter>
    </ClInclude>
    <ClInclude Include="Src\Shader.h">
      <Filter>ヘッダー ファイル</Filter>
    </ClInclude>
    <ClInclude Include="Src\Sprite.h">
      <Filter>ヘッダー ファイル</Filter>
    </ClInclude>
    <ClInclude Include="Src\Geometry.h">
      <Filter>ヘッダー ファイル</Filter>
    </ClInclude>
    <ClInclude Include="Src\Font.h">
      <Filter>ヘッダー ファイル</Filter>
    </ClInclude>
    <ClInclude Include="Src\Mesh.h">
      <Filter>ヘッダー ファイル</Filter>
    </ClInclude>
    <ClInclude Include="Src\Terrain.h">
      <Filter>ヘッダー ファイル</Filter>
    </ClInclude>
    <ClInclude Include="Src\json11\json11.hpp">
      <Filter>ヘッダー ファイル</Filter>
    </ClInclude>
    <ClInclude Include="Src\Actor.h">
      <Filter>ヘッダー ファイル</Filter>
    </ClInclude>
    <ClInclude Include="Src\Collision.h">
      <Filter>ヘッダー ファイル</Filter>
    </ClInclude>
    <ClInclude Include="Src\PlayerActor.h">
      <Filter>ヘッダー ファイル</Filter>
    </ClInclude>
    <ClInclude Include="Src\SkeletalMesh.h">
      <Filter>ヘッダー ファイル</Filter>
    </ClInclude>
    <ClInclude Include="Src\SkeletalMeshActor.h">
      <Filter>ヘッダー ファイル</Filter>
    </ClInclude>
    <ClInclude Include="Src\UniformBuffer.h">
      <Filter>ヘッダー ファイル</Filter>
    </ClInclude>
    <ClInclude Include="Src\Audio\Audio.h">
      <Filter>ヘッダー ファイル</Filter>
    </ClInclude>
    <ClInclude Include="Src\JizoActor.h">
      <Filter>ヘッダー ファイル</Filter>
    </ClInclude>
    <ClInclude Include="Src\Light.h">
      <Filter>ヘッダー ファイル</Filter>
    </ClInclude>
    <ClInclude Include="Src\FramebufferObject.h">
      <Filter>ヘッダー ファイル</Filter>
    </ClInclude>
    <ClInclude Include="Src\Particle.h">
      <Filter>ヘッダー ファイル</Filter>
    </ClInclude>
    <ClInclude Include="Src\TextWindow.h">
      <Filter>ヘッダー ファイル</Filter>
    </ClInclude>
    <ClInclude Include="Src\EventScript.h">
      <Filter>ヘッダー ファイル</Filter>
    </ClInclude>
    <ClInclude Include="Src\EventScene.h">
      <Filter>ヘッダー ファイル</Filter>
    </ClInclude>
    <ClInclude Include="Src\EnemyActor.h">
      <Filter>ヘッダー ファイル</Filter>
    </ClInclude>
    <ClInclude Include="Src\ClearScene.h">
      <Filter>ヘッダー ファイル</Filter>
    </ClInclude>
    <ClInclude Include="Src\Image.h">
      <Filter>ヘッダー ファイル</Filter>
    </ClInclude>
  </ItemGroup>
  <ItemGroup>
    <ClCompile Include="Src\Scene.cpp">
      <Filter>ソース ファイル</Filter>
    </ClCompile>
    <ClCompile Include="Main.cpp">
      <Filter>ソース ファイル</Filter>
    </ClCompile>
    <ClCompile Include="Src\TitleScene.cpp">
      <Filter>ソース ファイル</Filter>
    </ClCompile>
    <ClCompile Include="Src\MainGameScene.cpp">
      <Filter>ソース ファイル</Filter>
    </ClCompile>
    <ClCompile Include="Src\StatusScene.cpp">
      <Filter>ソース ファイル</Filter>
    </ClCompile>
    <ClCompile Include="Src\GameOverScene.cpp">
      <Filter>ソース ファイル</Filter>
    </ClCompile>
    <ClCompile Include="stdafx.cpp">
      <Filter>ソース ファイル</Filter>
    </ClCompile>
    <ClCompile Include="Src\GLFWEW.cpp">
      <Filter>ソース ファイル</Filter>
    </ClCompile>
    <ClCompile Include="Src\BufferObject.cpp">
      <Filter>ソース ファイル</Filter>
    </ClCompile>
    <ClCompile Include="Src\Tecture.cpp">
      <Filter>ソース ファイル</Filter>
    </ClCompile>
    <ClCompile Include="Src\Shader.cpp">
      <Filter>ソース ファイル</Filter>
    </ClCompile>
    <ClCompile Include="Src\Sprite.cpp">
      <Filter>ソース ファイル</Filter>
    </ClCompile>
    <ClCompile Include="Src\Font.cpp">
      <Filter>ソース ファイル</Filter>
    </ClCompile>
    <ClCompile Include="Src\Mesh.cpp">
      <Filter>ソース ファイル</Filter>
    </ClCompile>
    <ClCompile Include="Src\Terrain.cpp">
      <Filter>ソース ファイル</Filter>
    </ClCompile>
    <ClCompile Include="Src\json11\json11.cpp">
      <Filter>ソース ファイル</Filter>
    </ClCompile>
    <ClCompile Include="Src\Actor.cpp">
      <Filter>ソース ファイル</Filter>
    </ClCompile>
    <ClCompile Include="Src\Collision.cpp">
      <Filter>ソース ファイル</Filter>
    </ClCompile>
    <ClCompile Include="Src\PlayerActor.cpp">
      <Filter>ソース ファイル</Filter>
    </ClCompile>
    <ClCompile Include="Src\SkeletalMesh.cpp">
      <Filter>ソース ファイル</Filter>
    </ClCompile>
    <ClCompile Include="Src\SkeletalMeshActor.cpp">
      <Filter>ソース ファイル</Filter>
    </ClCompile>
    <ClCompile Include="Src\UniformBuffer.cpp">
      <Filter>ソース ファイル</Filter>
    </ClCompile>
    <ClCompile Include="Src\Audio\Audio.cpp">
      <Filter>ソース ファイル</Filter>
    </ClCompile>
    <ClCompile Include="Src\JizoActor.cpp">
      <Filter>ソース ファイル</Filter>
    </ClCompile>
    <ClCompile Include="Src\Light.cpp">
      <Filter>ソース ファイル</Filter>
    </ClCompile>
    <ClCompile Include="Src\FramebufferObject.cpp">
      <Filter>ソース ファイル</Filter>
    </ClCompile>
    <ClCompile Include="Src\Particle.cpp">
      <Filter>ソース ファイル</Filter>
    </ClCompile>
    <ClCompile Include="Src\TextWindow.cpp">
      <Filter>ソース ファイル</Filter>
    </ClCompile>
    <ClCompile Include="Src\EventScript.cpp">
      <Filter>ソース ファイル</Filter>
    </ClCompile>
    <ClCompile Include="Src\EventScene.cpp">
      <Filter>ソース ファイル</Filter>
    </ClCompile>
    <ClCompile Include="Src\EnemyActor.cpp">
      <Filter>ソース ファイル</Filter>
    </ClCompile>
    <ClCompile Include="Src\ClearScene.cpp">
      <Filter>ソース ファイル</Filter>
    </ClCompile>
    <ClCompile Include="Src\Image.cpp">
      <Filter>ソース ファイル</Filter>
    </ClCompile>
  </ItemGroup>
  <ItemGroup>
    <None Include="packages.config" />
    <None Include="Res\Sprite.vert">
      <Filter>リソース ファイル</Filter>
    </None>
    <None Include="Res\Sprite.frag">
      <Filter>リソース ファイル</Filter>
    </None>
    <None Include="Res\StaticMesh.vert">
      <Filter>リソース ファイル</Filter>
    </None>
    <None Include="Res\StaticMesh.frag">
      <Filter>リソース ファイル</Filter>
    </None>
    <None Include="Res\SkeletalMesh.frag">
      <Filter>リソース ファイル</Filter>
    </None>
    <None Include="Res\SkeletalMesh.vert">
      <Filter>リソース ファイル</Filter>
    </None>
    <None Include="Res\Terrain.vert">
      <Filter>リソース ファイル</Filter>
    </None>
    <None Include="Res\Terrain.frag">
      <Filter>リソース ファイル</Filter>
    </None>
    <None Include="Res\Water.frag">
      <Filter>リソース ファイル</Filter>
    </None>
    <None Include="Res\DepthOfField.vert">
      <Filter>リソース ファイル</Filter>
    </None>
    <None Include="Res\DepthOfField.frag">
      <Filter>リソース ファイル</Filter>
    </None>
    <None Include="Res\Simple.vert">
      <Filter>リソース ファイル</Filter>
    </None>
    <None Include="Res\Simple.frag">
      <Filter>リソース ファイル</Filter>
    </None>
    <None Include="Res\BrightPassFilter.frag">
      <Filter>リソース ファイル</Filter>
    </None>
    <None Include="Res\NormalBlur.frag">
      <Filter>リソース ファイル</Filter>
    </None>
    <None Include="Res\Shadow.frag">
      <Filter>リソース ファイル</Filter>
    </None>
    <None Include="Res\NonTexturedShadow.frag">
      <Filter>リソース ファイル</Filter>
    </None>
    <None Include="Res\Particle.vert">
      <Filter>リソース ファイル</Filter>
    </None>
  </ItemGroup>
  <ItemGroup>
    <Image Include="Res\hikatyo.jpg">
      <Filter>リソース ファイル</Filter>
    </Image>
    <Image Include="Res\TitleBg.tga">
      <Filter>リソース ファイル</Filter>
    </Image>
    <Image Include="C:\Users\satok\Downloads\icyhell\icyhell_bk.tga">
      <Filter>リソース ファイル</Filter>
    </Image>
    <Image Include="C:\Users\satok\Downloads\icyhell\icyhell_dn.tga">
      <Filter>リソース ファイル</Filter>
    </Image>
    <Image Include="C:\Users\satok\Downloads\icyhell\icyhell_ft.tga">
      <Filter>リソース ファイル</Filter>
    </Image>
    <Image Include="C:\Users\satok\Downloads\icyhell\icyhell_rt.tga">
      <Filter>リソース ファイル</Filter>
    </Image>
    <Image Include="C:\Users\satok\Downloads\icyhell\icyhell_up.tga">
      <Filter>リソース ファイル</Filter>
    </Image>
    <Image Include="C:\Users\satok\Downloads\icyhell\icyhell_lf.tga">
      <Filter>リソース ファイル</Filter>
    </Image>
    <Image Include="Res\Terrain_Plant_Normal.tga">
      <Filter>リソース ファイル</Filter>
    </Image>
    <Image Include="Res\DiskParticle.tga">
      <Filter>リソース ファイル</Filter>
    </Image>
    <Image Include="Res\FireParticle.tga">
      <Filter>リソース ファイル</Filter>
    </Image>
    <Image Include="Res\ao.tga">
      <Filter>リソース ファイル</Filter>
    </Image>
    <Image Include="Mist.tga">
      <Filter>リソース ファイル</Filter>
    </Image>
  </ItemGroup>
  <ItemGroup>
    <Text Include="Res\OpeningScript.txt">
      <Filter>リソース ファイル</Filter>
    </Text>
  </ItemGroup>
</Project>